// !$*UTF8*$!
{
	archiveVersion = 1;
	classes = {
	};
	objectVersion = 46;
	objects = {

/* Begin PBXBuildFile section */
		C6BF5595E3F654DF18B53261 /* libPods.a in Frameworks */ = {isa = PBXBuildFile; fileRef = 122E4F7F78E3BAF1FD4710F4 /* libPods.a */; };
		E61744601B14929C00F8B0E0 /* .gitignore in Resources */ = {isa = PBXBuildFile; fileRef = E617445B1B14929C00F8B0E0 /* .gitignore */; };
		E61744611B14929C00F8B0E0 /* KZBlock.swift in Sources */ = {isa = PBXBuildFile; fileRef = E617445C1B14929C00F8B0E0 /* KZBlock.swift */; };
		E61744621B14929C00F8B0E0 /* KZPacker.swift in Sources */ = {isa = PBXBuildFile; fileRef = E617445D1B14929C00F8B0E0 /* KZPacker.swift */; };
		E61744631B14929C00F8B0E0 /* LICENSE in Resources */ = {isa = PBXBuildFile; fileRef = E617445E1B14929C00F8B0E0 /* LICENSE */; };
		E61744641B14929C00F8B0E0 /* README.md in Sources */ = {isa = PBXBuildFile; fileRef = E617445F1B14929C00F8B0E0 /* README.md */; };
		E6A3541A1B0DA4B600BDE902 /* AppDelegate.swift in Sources */ = {isa = PBXBuildFile; fileRef = E6A354191B0DA4B600BDE902 /* AppDelegate.swift */; };
		E6A3541C1B0DA4B600BDE902 /* ViewController.swift in Sources */ = {isa = PBXBuildFile; fileRef = E6A3541B1B0DA4B600BDE902 /* ViewController.swift */; };
		E6A3541F1B0DA4B600BDE902 /* Main.storyboard in Resources */ = {isa = PBXBuildFile; fileRef = E6A3541D1B0DA4B600BDE902 /* Main.storyboard */; };
		E6A354211B0DA4B600BDE902 /* Images.xcassets in Resources */ = {isa = PBXBuildFile; fileRef = E6A354201B0DA4B600BDE902 /* Images.xcassets */; };
		E6A354241B0DA4B600BDE902 /* LaunchScreen.xib in Resources */ = {isa = PBXBuildFile; fileRef = E6A354221B0DA4B600BDE902 /* LaunchScreen.xib */; };
		E6A354301B0DA4B600BDE902 /* actionhero_client_swiftTests.swift in Sources */ = {isa = PBXBuildFile; fileRef = E6A3542F1B0DA4B600BDE902 /* actionhero_client_swiftTests.swift */; };
		E6A354481B0DA69F00BDE902 /* BlocksKit in Resources */ = {isa = PBXBuildFile; fileRef = E6A354401B0DA69F00BDE902 /* BlocksKit */; };
		E6A354491B0DA69F00BDE902 /* Emitter in Resources */ = {isa = PBXBuildFile; fileRef = E6A354411B0DA69F00BDE902 /* Emitter */; };
		E6A3544A1B0DA69F00BDE902 /* GCDTimer in Resources */ = {isa = PBXBuildFile; fileRef = E6A354421B0DA69F00BDE902 /* GCDTimer */; };
		E6A3544B1B0DA69F00BDE902 /* Headers in Resources */ = {isa = PBXBuildFile; fileRef = E6A354431B0DA69F00BDE902 /* Headers */; };
		E6A3544C1B0DA69F00BDE902 /* libextobjc in Resources */ = {isa = PBXBuildFile; fileRef = E6A354441B0DA69F00BDE902 /* libextobjc */; };
		E6A3544D1B0DA69F00BDE902 /* Primus in Resources */ = {isa = PBXBuildFile; fileRef = E6A354451B0DA69F00BDE902 /* Primus */; };
		E6A3544E1B0DA69F00BDE902 /* Reachability in Resources */ = {isa = PBXBuildFile; fileRef = E6A354461B0DA69F00BDE902 /* Reachability */; };
		E6A3544F1B0DA69F00BDE902 /* SocketRocket in Resources */ = {isa = PBXBuildFile; fileRef = E6A354471B0DA69F00BDE902 /* SocketRocket */; };
		E6BA6E5B1B13264800A7450E /* AHEmitter.swift in Sources */ = {isa = PBXBuildFile; fileRef = E6BA6E5A1B13264800A7450E /* AHEmitter.swift */; };
		E6E5CF5B1B0F158F00D4859D /* AHClient.swift in Sources */ = {isa = PBXBuildFile; fileRef = E6E5CF4E1B0F158F00D4859D /* AHClient.swift */; };
		E6E5CF661B0F158F00D4859D /* SwiftyJSON.swift in Sources */ = {isa = PBXBuildFile; fileRef = E6E5CF5A1B0F158F00D4859D /* SwiftyJSON.swift */; };
/* End PBXBuildFile section */

/* Begin PBXContainerItemProxy section */
		E6A3542A1B0DA4B600BDE902 /* PBXContainerItemProxy */ = {
			isa = PBXContainerItemProxy;
			containerPortal = E6A3540C1B0DA4B600BDE902 /* Project object */;
			proxyType = 1;
			remoteGlobalIDString = E6A354131B0DA4B600BDE902;
			remoteInfo = "actionhero-client-swift";
		};
/* End PBXContainerItemProxy section */

/* Begin PBXFileReference section */
		122E4F7F78E3BAF1FD4710F4 /* libPods.a */ = {isa = PBXFileReference; explicitFileType = archive.ar; includeInIndex = 0; path = libPods.a; sourceTree = BUILT_PRODUCTS_DIR; };
		A94C6158D19DF88E766A1B0F /* Pods.release.xcconfig */ = {isa = PBXFileReference; includeInIndex = 1; lastKnownFileType = text.xcconfig; name = Pods.release.xcconfig; path = "Pods/Target Support Files/Pods/Pods.release.xcconfig"; sourceTree = "<group>"; };
		ADEDD56687538FADF150F5DB /* Pods.debug.xcconfig */ = {isa = PBXFileReference; includeInIndex = 1; lastKnownFileType = text.xcconfig; name = Pods.debug.xcconfig; path = "Pods/Target Support Files/Pods/Pods.debug.xcconfig"; sourceTree = "<group>"; };
		E617445B1B14929C00F8B0E0 /* .gitignore */ = {isa = PBXFileReference; fileEncoding = 4; lastKnownFileType = text; path = .gitignore; sourceTree = "<group>"; };
		E617445C1B14929C00F8B0E0 /* KZBlock.swift */ = {isa = PBXFileReference; fileEncoding = 4; lastKnownFileType = sourcecode.swift; path = KZBlock.swift; sourceTree = "<group>"; };
		E617445D1B14929C00F8B0E0 /* KZPacker.swift */ = {isa = PBXFileReference; fileEncoding = 4; lastKnownFileType = sourcecode.swift; path = KZPacker.swift; sourceTree = "<group>"; };
		E617445E1B14929C00F8B0E0 /* LICENSE */ = {isa = PBXFileReference; fileEncoding = 4; lastKnownFileType = text; path = LICENSE; sourceTree = "<group>"; };
		E617445F1B14929C00F8B0E0 /* README.md */ = {isa = PBXFileReference; fileEncoding = 4; lastKnownFileType = net.daringfireball.markdown; path = README.md; sourceTree = "<group>"; };
		E6A354141B0DA4B600BDE902 /* actionhero-client-swift.app */ = {isa = PBXFileReference; explicitFileType = wrapper.application; includeInIndex = 0; path = "actionhero-client-swift.app"; sourceTree = BUILT_PRODUCTS_DIR; };
		E6A354181B0DA4B600BDE902 /* Info.plist */ = {isa = PBXFileReference; lastKnownFileType = text.plist.xml; path = Info.plist; sourceTree = "<group>"; };
		E6A354191B0DA4B600BDE902 /* AppDelegate.swift */ = {isa = PBXFileReference; lastKnownFileType = sourcecode.swift; path = AppDelegate.swift; sourceTree = "<group>"; };
		E6A3541B1B0DA4B600BDE902 /* ViewController.swift */ = {isa = PBXFileReference; lastKnownFileType = sourcecode.swift; path = ViewController.swift; sourceTree = "<group>"; };
		E6A3541E1B0DA4B600BDE902 /* Base */ = {isa = PBXFileReference; lastKnownFileType = file.storyboard; name = Base; path = Base.lproj/Main.storyboard; sourceTree = "<group>"; };
		E6A354201B0DA4B600BDE902 /* Images.xcassets */ = {isa = PBXFileReference; lastKnownFileType = folder.assetcatalog; path = Images.xcassets; sourceTree = "<group>"; };
		E6A354231B0DA4B600BDE902 /* Base */ = {isa = PBXFileReference; lastKnownFileType = file.xib; name = Base; path = Base.lproj/LaunchScreen.xib; sourceTree = "<group>"; };
		E6A354291B0DA4B600BDE902 /* actionhero-client-swiftTests.xctest */ = {isa = PBXFileReference; explicitFileType = wrapper.cfbundle; includeInIndex = 0; path = "actionhero-client-swiftTests.xctest"; sourceTree = BUILT_PRODUCTS_DIR; };
		E6A3542E1B0DA4B600BDE902 /* Info.plist */ = {isa = PBXFileReference; lastKnownFileType = text.plist.xml; path = Info.plist; sourceTree = "<group>"; };
		E6A3542F1B0DA4B600BDE902 /* actionhero_client_swiftTests.swift */ = {isa = PBXFileReference; lastKnownFileType = sourcecode.swift; path = actionhero_client_swiftTests.swift; sourceTree = "<group>"; };
		E6A3543D1B0DA5E400BDE902 /* actionhero-client-swift-Bridging-Header.h */ = {isa = PBXFileReference; lastKnownFileType = sourcecode.c.h; path = "actionhero-client-swift-Bridging-Header.h"; sourceTree = "<group>"; };
		E6A354401B0DA69F00BDE902 /* BlocksKit */ = {isa = PBXFileReference; lastKnownFileType = folder; name = BlocksKit; path = Pods/BlocksKit; sourceTree = "<group>"; };
		E6A354411B0DA69F00BDE902 /* Emitter */ = {isa = PBXFileReference; lastKnownFileType = folder; name = Emitter; path = Pods/Emitter; sourceTree = "<group>"; };
		E6A354421B0DA69F00BDE902 /* GCDTimer */ = {isa = PBXFileReference; lastKnownFileType = folder; name = GCDTimer; path = Pods/GCDTimer; sourceTree = "<group>"; };
		E6A354431B0DA69F00BDE902 /* Headers */ = {isa = PBXFileReference; lastKnownFileType = folder; name = Headers; path = Pods/Headers; sourceTree = "<group>"; };
		E6A354441B0DA69F00BDE902 /* libextobjc */ = {isa = PBXFileReference; lastKnownFileType = folder; name = libextobjc; path = Pods/libextobjc; sourceTree = "<group>"; };
		E6A354451B0DA69F00BDE902 /* Primus */ = {isa = PBXFileReference; lastKnownFileType = folder; name = Primus; path = Pods/Primus; sourceTree = "<group>"; };
		E6A354461B0DA69F00BDE902 /* Reachability */ = {isa = PBXFileReference; lastKnownFileType = folder; name = Reachability; path = Pods/Reachability; sourceTree = "<group>"; };
		E6A354471B0DA69F00BDE902 /* SocketRocket */ = {isa = PBXFileReference; lastKnownFileType = folder; name = SocketRocket; path = Pods/SocketRocket; sourceTree = "<group>"; };
		E6BA6E5A1B13264800A7450E /* AHEmitter.swift */ = {isa = PBXFileReference; fileEncoding = 4; lastKnownFileType = sourcecode.swift; path = AHEmitter.swift; sourceTree = "<group>"; };
		E6E5CF4E1B0F158F00D4859D /* AHClient.swift */ = {isa = PBXFileReference; fileEncoding = 4; lastKnownFileType = sourcecode.swift; path = AHClient.swift; sourceTree = "<group>"; };
		E6E5CF5A1B0F158F00D4859D /* SwiftyJSON.swift */ = {isa = PBXFileReference; fileEncoding = 4; lastKnownFileType = sourcecode.swift; path = SwiftyJSON.swift; sourceTree = "<group>"; };
/* End PBXFileReference section */

/* Begin PBXFrameworksBuildPhase section */
		E6A354111B0DA4B600BDE902 /* Frameworks */ = {
			isa = PBXFrameworksBuildPhase;
			buildActionMask = 2147483647;
			files = (
				C6BF5595E3F654DF18B53261 /* libPods.a in Frameworks */,
			);
			runOnlyForDeploymentPostprocessing = 0;
		};
		E6A354261B0DA4B600BDE902 /* Frameworks */ = {
			isa = PBXFrameworksBuildPhase;
			buildActionMask = 2147483647;
			files = (
			);
			runOnlyForDeploymentPostprocessing = 0;
		};
/* End PBXFrameworksBuildPhase section */

/* Begin PBXGroup section */
		4E7370B21B83AE87EF6D647B /* Frameworks */ = {
			isa = PBXGroup;
			children = (
				122E4F7F78E3BAF1FD4710F4 /* libPods.a */,
			);
			name = Frameworks;
			sourceTree = "<group>";
		};
		A82188B2D2831B425B04ECE1 /* Pods */ = {
			isa = PBXGroup;
			children = (
				ADEDD56687538FADF150F5DB /* Pods.debug.xcconfig */,
				A94C6158D19DF88E766A1B0F /* Pods.release.xcconfig */,
			);
			name = Pods;
			sourceTree = "<group>";
		};
		E617445A1B14929C00F8B0E0 /* swift-handy */ = {
			isa = PBXGroup;
			children = (
				E617445B1B14929C00F8B0E0 /* .gitignore */,
				E617445C1B14929C00F8B0E0 /* KZBlock.swift */,
				E617445D1B14929C00F8B0E0 /* KZPacker.swift */,
				E617445E1B14929C00F8B0E0 /* LICENSE */,
				E617445F1B14929C00F8B0E0 /* README.md */,
			);
			path = "swift-handy";
			sourceTree = "<group>";
		};
		E6A3540B1B0DA4B600BDE902 = {
			isa = PBXGroup;
			children = (
				E6E5CF4D1B0F158F00D4859D /* libs */,
				E6A354401B0DA69F00BDE902 /* BlocksKit */,
				E6A354411B0DA69F00BDE902 /* Emitter */,
				E6A354421B0DA69F00BDE902 /* GCDTimer */,
				E6A354431B0DA69F00BDE902 /* Headers */,
				E6A354441B0DA69F00BDE902 /* libextobjc */,
				E6A354451B0DA69F00BDE902 /* Primus */,
				E6A354461B0DA69F00BDE902 /* Reachability */,
				E6A354471B0DA69F00BDE902 /* SocketRocket */,
				E6A354161B0DA4B600BDE902 /* actionhero-client-swift */,
				E6A3542C1B0DA4B600BDE902 /* actionhero-client-swiftTests */,
				E6A354151B0DA4B600BDE902 /* Products */,
				A82188B2D2831B425B04ECE1 /* Pods */,
				4E7370B21B83AE87EF6D647B /* Frameworks */,
			);
			sourceTree = "<group>";
		};
		E6A354151B0DA4B600BDE902 /* Products */ = {
			isa = PBXGroup;
			children = (
				E6A354141B0DA4B600BDE902 /* actionhero-client-swift.app */,
				E6A354291B0DA4B600BDE902 /* actionhero-client-swiftTests.xctest */,
			);
			name = Products;
			sourceTree = "<group>";
		};
		E6A354161B0DA4B600BDE902 /* actionhero-client-swift */ = {
			isa = PBXGroup;
			children = (
				E6A354191B0DA4B600BDE902 /* AppDelegate.swift */,
				E6A3541B1B0DA4B600BDE902 /* ViewController.swift */,
				E6A3541D1B0DA4B600BDE902 /* Main.storyboard */,
				E6A354201B0DA4B600BDE902 /* Images.xcassets */,
				E6A354221B0DA4B600BDE902 /* LaunchScreen.xib */,
				E6A354171B0DA4B600BDE902 /* Supporting Files */,
				E6A3543D1B0DA5E400BDE902 /* actionhero-client-swift-Bridging-Header.h */,
			);
			path = "actionhero-client-swift";
			sourceTree = "<group>";
		};
		E6A354171B0DA4B600BDE902 /* Supporting Files */ = {
			isa = PBXGroup;
			children = (
				E6A354181B0DA4B600BDE902 /* Info.plist */,
			);
			name = "Supporting Files";
			sourceTree = "<group>";
		};
		E6A3542C1B0DA4B600BDE902 /* actionhero-client-swiftTests */ = {
			isa = PBXGroup;
			children = (
				E6A3542F1B0DA4B600BDE902 /* actionhero_client_swiftTests.swift */,
				E6A3542D1B0DA4B600BDE902 /* Supporting Files */,
			);
			path = "actionhero-client-swiftTests";
			sourceTree = "<group>";
		};
		E6A3542D1B0DA4B600BDE902 /* Supporting Files */ = {
			isa = PBXGroup;
			children = (
				E6A3542E1B0DA4B600BDE902 /* Info.plist */,
			);
			name = "Supporting Files";
			sourceTree = "<group>";
		};
		E6E5CF4D1B0F158F00D4859D /* libs */ = {
			isa = PBXGroup;
			children = (
				E617445A1B14929C00F8B0E0 /* swift-handy */,
				E6E5CF4E1B0F158F00D4859D /* AHClient.swift */,
				E6BA6E5A1B13264800A7450E /* AHEmitter.swift */,
				E6E5CF5A1B0F158F00D4859D /* SwiftyJSON.swift */,
			);
			name = libs;
			path = "actionhero-client-swift/libs";
			sourceTree = "<group>";
		};
/* End PBXGroup section */

/* Begin PBXNativeTarget section */
		E6A354131B0DA4B600BDE902 /* actionhero-client-swift */ = {
			isa = PBXNativeTarget;
			buildConfigurationList = E6A354331B0DA4B600BDE902 /* Build configuration list for PBXNativeTarget "actionhero-client-swift" */;
			buildPhases = (
				B097DB7005885C3612C06EA7 /* Check Pods Manifest.lock */,
				E6A354101B0DA4B600BDE902 /* Sources */,
				E6A354111B0DA4B600BDE902 /* Frameworks */,
				E6A354121B0DA4B600BDE902 /* Resources */,
				50FE29A8DF3E36B6FF6178CF /* Copy Pods Resources */,
			);
			buildRules = (
			);
			dependencies = (
			);
			name = "actionhero-client-swift";
			productName = "actionhero-client-swift";
			productReference = E6A354141B0DA4B600BDE902 /* actionhero-client-swift.app */;
			productType = "com.apple.product-type.application";
		};
		E6A354281B0DA4B600BDE902 /* actionhero-client-swiftTests */ = {
			isa = PBXNativeTarget;
			buildConfigurationList = E6A354361B0DA4B600BDE902 /* Build configuration list for PBXNativeTarget "actionhero-client-swiftTests" */;
			buildPhases = (
				E6A354251B0DA4B600BDE902 /* Sources */,
				E6A354261B0DA4B600BDE902 /* Frameworks */,
				E6A354271B0DA4B600BDE902 /* Resources */,
			);
			buildRules = (
			);
			dependencies = (
				E6A3542B1B0DA4B600BDE902 /* PBXTargetDependency */,
			);
			name = "actionhero-client-swiftTests";
			productName = "actionhero-client-swiftTests";
			productReference = E6A354291B0DA4B600BDE902 /* actionhero-client-swiftTests.xctest */;
			productType = "com.apple.product-type.bundle.unit-test";
		};
/* End PBXNativeTarget section */

/* Begin PBXProject section */
		E6A3540C1B0DA4B600BDE902 /* Project object */ = {
			isa = PBXProject;
			attributes = {
				LastUpgradeCheck = 0630;
				ORGANIZATIONNAME = Debokeh;
				TargetAttributes = {
					E6A354131B0DA4B600BDE902 = {
						CreatedOnToolsVersion = 6.3.2;
					};
					E6A354281B0DA4B600BDE902 = {
						CreatedOnToolsVersion = 6.3.2;
						TestTargetID = E6A354131B0DA4B600BDE902;
					};
				};
			};
			buildConfigurationList = E6A3540F1B0DA4B600BDE902 /* Build configuration list for PBXProject "actionhero-client-swift" */;
			compatibilityVersion = "Xcode 3.2";
			developmentRegion = English;
			hasScannedForEncodings = 0;
			knownRegions = (
				en,
				Base,
			);
			mainGroup = E6A3540B1B0DA4B600BDE902;
			productRefGroup = E6A354151B0DA4B600BDE902 /* Products */;
			projectDirPath = "";
			projectRoot = "";
			targets = (
				E6A354131B0DA4B600BDE902 /* actionhero-client-swift */,
				E6A354281B0DA4B600BDE902 /* actionhero-client-swiftTests */,
			);
		};
/* End PBXProject section */

/* Begin PBXResourcesBuildPhase section */
		E6A354121B0DA4B600BDE902 /* Resources */ = {
			isa = PBXResourcesBuildPhase;
			buildActionMask = 2147483647;
			files = (
				E6A3544C1B0DA69F00BDE902 /* libextobjc in Resources */,
				E6A3541F1B0DA4B600BDE902 /* Main.storyboard in Resources */,
				E61744631B14929C00F8B0E0 /* LICENSE in Resources */,
				E6A354241B0DA4B600BDE902 /* LaunchScreen.xib in Resources */,
				E6A354211B0DA4B600BDE902 /* Images.xcassets in Resources */,
				E61744601B14929C00F8B0E0 /* .gitignore in Resources */,
				E6A3544A1B0DA69F00BDE902 /* GCDTimer in Resources */,
				E6A354491B0DA69F00BDE902 /* Emitter in Resources */,
				E6A3544D1B0DA69F00BDE902 /* Primus in Resources */,
				E6A3544E1B0DA69F00BDE902 /* Reachability in Resources */,
				E6A3544B1B0DA69F00BDE902 /* Headers in Resources */,
				E6A3544F1B0DA69F00BDE902 /* SocketRocket in Resources */,
				E6A354481B0DA69F00BDE902 /* BlocksKit in Resources */,
			);
			runOnlyForDeploymentPostprocessing = 0;
		};
		E6A354271B0DA4B600BDE902 /* Resources */ = {
			isa = PBXResourcesBuildPhase;
			buildActionMask = 2147483647;
			files = (
			);
			runOnlyForDeploymentPostprocessing = 0;
		};
/* End PBXResourcesBuildPhase section */

/* Begin PBXShellScriptBuildPhase section */
		50FE29A8DF3E36B6FF6178CF /* Copy Pods Resources */ = {
			isa = PBXShellScriptBuildPhase;
			buildActionMask = 2147483647;
			files = (
			);
			inputPaths = (
			);
			name = "Copy Pods Resources";
			outputPaths = (
			);
			runOnlyForDeploymentPostprocessing = 0;
			shellPath = /bin/sh;
			shellScript = "\"${SRCROOT}/Pods/Target Support Files/Pods/Pods-resources.sh\"\n";
			showEnvVarsInLog = 0;
		};
		B097DB7005885C3612C06EA7 /* Check Pods Manifest.lock */ = {
			isa = PBXShellScriptBuildPhase;
			buildActionMask = 2147483647;
			files = (
			);
			inputPaths = (
			);
			name = "Check Pods Manifest.lock";
			outputPaths = (
			);
			runOnlyForDeploymentPostprocessing = 0;
			shellPath = /bin/sh;
			shellScript = "diff \"${PODS_ROOT}/../Podfile.lock\" \"${PODS_ROOT}/Manifest.lock\" > /dev/null\nif [[ $? != 0 ]] ; then\n    cat << EOM\nerror: The sandbox is not in sync with the Podfile.lock. Run 'pod install' or update your CocoaPods installation.\nEOM\n    exit 1\nfi\n";
			showEnvVarsInLog = 0;
		};
/* End PBXShellScriptBuildPhase section */

/* Begin PBXSourcesBuildPhase section */
		E6A354101B0DA4B600BDE902 /* Sources */ = {
			isa = PBXSourcesBuildPhase;
			buildActionMask = 2147483647;
			files = (
				E6BA6E5B1B13264800A7450E /* AHEmitter.swift in Sources */,
				E6A3541C1B0DA4B600BDE902 /* ViewController.swift in Sources */,
				E61744611B14929C00F8B0E0 /* KZBlock.swift in Sources */,
				E6E5CF5B1B0F158F00D4859D /* AHClient.swift in Sources */,
				E6E5CF661B0F158F00D4859D /* SwiftyJSON.swift in Sources */,
				E61744621B14929C00F8B0E0 /* KZPacker.swift in Sources */,
				E61744641B14929C00F8B0E0 /* README.md in Sources */,
				E6A3541A1B0DA4B600BDE902 /* AppDelegate.swift in Sources */,
			);
			runOnlyForDeploymentPostprocessing = 0;
		};
		E6A354251B0DA4B600BDE902 /* Sources */ = {
			isa = PBXSourcesBuildPhase;
			buildActionMask = 2147483647;
			files = (
				E6A354301B0DA4B600BDE902 /* actionhero_client_swiftTests.swift in Sources */,
			);
			runOnlyForDeploymentPostprocessing = 0;
		};
/* End PBXSourcesBuildPhase section */

/* Begin PBXTargetDependency section */
		E6A3542B1B0DA4B600BDE902 /* PBXTargetDependency */ = {
			isa = PBXTargetDependency;
			target = E6A354131B0DA4B600BDE902 /* actionhero-client-swift */;
			targetProxy = E6A3542A1B0DA4B600BDE902 /* PBXContainerItemProxy */;
		};
/* End PBXTargetDependency section */

/* Begin PBXVariantGroup section */
		E6A3541D1B0DA4B600BDE902 /* Main.storyboard */ = {
			isa = PBXVariantGroup;
			children = (
				E6A3541E1B0DA4B600BDE902 /* Base */,
			);
			name = Main.storyboard;
			sourceTree = "<group>";
		};
		E6A354221B0DA4B600BDE902 /* LaunchScreen.xib */ = {
			isa = PBXVariantGroup;
			children = (
				E6A354231B0DA4B600BDE902 /* Base */,
			);
			name = LaunchScreen.xib;
			sourceTree = "<group>";
		};
/* End PBXVariantGroup section */

/* Begin XCBuildConfiguration section */
		E6A354311B0DA4B600BDE902 /* Debug */ = {
			isa = XCBuildConfiguration;
			buildSettings = {
				ALWAYS_SEARCH_USER_PATHS = NO;
				CLANG_CXX_LANGUAGE_STANDARD = "gnu++0x";
				CLANG_CXX_LIBRARY = "libc++";
				CLANG_ENABLE_MODULES = YES;
				CLANG_ENABLE_OBJC_ARC = YES;
				CLANG_WARN_BOOL_CONVERSION = YES;
				CLANG_WARN_CONSTANT_CONVERSION = YES;
				CLANG_WARN_DIRECT_OBJC_ISA_USAGE = YES_ERROR;
				CLANG_WARN_EMPTY_BODY = YES;
				CLANG_WARN_ENUM_CONVERSION = YES;
				CLANG_WARN_INT_CONVERSION = YES;
				CLANG_WARN_OBJC_ROOT_CLASS = YES_ERROR;
				CLANG_WARN_UNREACHABLE_CODE = YES;
				CLANG_WARN__DUPLICATE_METHOD_MATCH = YES;
				"CODE_SIGN_IDENTITY[sdk=iphoneos*]" = "iPhone Developer";
				COPY_PHASE_STRIP = NO;
				DEBUG_INFORMATION_FORMAT = "dwarf-with-dsym";
				ENABLE_STRICT_OBJC_MSGSEND = YES;
				GCC_C_LANGUAGE_STANDARD = gnu99;
				GCC_DYNAMIC_NO_PIC = NO;
				GCC_NO_COMMON_BLOCKS = YES;
				GCC_OPTIMIZATION_LEVEL = 0;
				GCC_PREPROCESSOR_DEFINITIONS = (
					"DEBUG=1",
					"$(inherited)",
				);
				GCC_SYMBOLS_PRIVATE_EXTERN = NO;
				GCC_WARN_64_TO_32_BIT_CONVERSION = YES;
				GCC_WARN_ABOUT_RETURN_TYPE = YES_ERROR;
				GCC_WARN_UNDECLARED_SELECTOR = YES;
				GCC_WARN_UNINITIALIZED_AUTOS = YES_AGGRESSIVE;
				GCC_WARN_UNUSED_FUNCTION = YES;
				GCC_WARN_UNUSED_VARIABLE = YES;
				IPHONEOS_DEPLOYMENT_TARGET = 8.3;
				MTL_ENABLE_DEBUG_INFO = YES;
				ONLY_ACTIVE_ARCH = YES;
				SDKROOT = iphoneos;
				SWIFT_OPTIMIZATION_LEVEL = "-Onone";
				TARGETED_DEVICE_FAMILY = "1,2";
			};
			name = Debug;
		};
		E6A354321B0DA4B600BDE902 /* Release */ = {
			isa = XCBuildConfiguration;
			buildSettings = {
				ALWAYS_SEARCH_USER_PATHS = NO;
				CLANG_CXX_LANGUAGE_STANDARD = "gnu++0x";
				CLANG_CXX_LIBRARY = "libc++";
				CLANG_ENABLE_MODULES = YES;
				CLANG_ENABLE_OBJC_ARC = YES;
				CLANG_WARN_BOOL_CONVERSION = YES;
				CLANG_WARN_CONSTANT_CONVERSION = YES;
				CLANG_WARN_DIRECT_OBJC_ISA_USAGE = YES_ERROR;
				CLANG_WARN_EMPTY_BODY = YES;
				CLANG_WARN_ENUM_CONVERSION = YES;
				CLANG_WARN_INT_CONVERSION = YES;
				CLANG_WARN_OBJC_ROOT_CLASS = YES_ERROR;
				CLANG_WARN_UNREACHABLE_CODE = YES;
				CLANG_WARN__DUPLICATE_METHOD_MATCH = YES;
				"CODE_SIGN_IDENTITY[sdk=iphoneos*]" = "iPhone Developer";
				COPY_PHASE_STRIP = NO;
				DEBUG_INFORMATION_FORMAT = "dwarf-with-dsym";
				ENABLE_NS_ASSERTIONS = NO;
				ENABLE_STRICT_OBJC_MSGSEND = YES;
				GCC_C_LANGUAGE_STANDARD = gnu99;
				GCC_NO_COMMON_BLOCKS = YES;
				GCC_WARN_64_TO_32_BIT_CONVERSION = YES;
				GCC_WARN_ABOUT_RETURN_TYPE = YES_ERROR;
				GCC_WARN_UNDECLARED_SELECTOR = YES;
				GCC_WARN_UNINITIALIZED_AUTOS = YES_AGGRESSIVE;
				GCC_WARN_UNUSED_FUNCTION = YES;
				GCC_WARN_UNUSED_VARIABLE = YES;
				IPHONEOS_DEPLOYMENT_TARGET = 8.3;
				MTL_ENABLE_DEBUG_INFO = NO;
				SDKROOT = iphoneos;
				TARGETED_DEVICE_FAMILY = "1,2";
				VALIDATE_PRODUCT = YES;
			};
			name = Release;
		};
		E6A354341B0DA4B600BDE902 /* Debug */ = {
			isa = XCBuildConfiguration;
			baseConfigurationReference = ADEDD56687538FADF150F5DB /* Pods.debug.xcconfig */;
			buildSettings = {
				ASSETCATALOG_COMPILER_APPICON_NAME = AppIcon;
				CLANG_ENABLE_MODULES = YES;
				INFOPLIST_FILE = "actionhero-client-swift/Info.plist";
				LD_RUNPATH_SEARCH_PATHS = "$(inherited) @executable_path/Frameworks";
				PRODUCT_NAME = "$(TARGET_NAME)";
				SWIFT_OBJC_BRIDGING_HEADER = "actionhero-client-swift/actionhero-client-swift-Bridging-Header.h";
				SWIFT_OPTIMIZATION_LEVEL = "-Onone";
			};
			name = Debug;
		};
		E6A354351B0DA4B600BDE902 /* Release */ = {
			isa = XCBuildConfiguration;
			baseConfigurationReference = A94C6158D19DF88E766A1B0F /* Pods.release.xcconfig */;
			buildSettings = {
				ASSETCATALOG_COMPILER_APPICON_NAME = AppIcon;
				CLANG_ENABLE_MODULES = YES;
				INFOPLIST_FILE = "actionhero-client-swift/Info.plist";
				LD_RUNPATH_SEARCH_PATHS = "$(inherited) @executable_path/Frameworks";
				PRODUCT_NAME = "$(TARGET_NAME)";
				SWIFT_OBJC_BRIDGING_HEADER = "actionhero-client-swift/actionhero-client-swift-Bridging-Header.h";
			};
			name = Release;
		};
		E6A354371B0DA4B600BDE902 /* Debug */ = {
			isa = XCBuildConfiguration;
			buildSettings = {
				BUNDLE_LOADER = "$(TEST_HOST)";
				FRAMEWORK_SEARCH_PATHS = (
					"$(SDKROOT)/Developer/Library/Frameworks",
					"$(inherited)",
				);
				GCC_PREPROCESSOR_DEFINITIONS = (
					"DEBUG=1",
					"$(inherited)",
				);
				INFOPLIST_FILE = "actionhero-client-swiftTests/Info.plist";
				LD_RUNPATH_SEARCH_PATHS = "$(inherited) @executable_path/Frameworks @loader_path/Frameworks";
				PRODUCT_NAME = "$(TARGET_NAME)";
				TEST_HOST = "$(BUILT_PRODUCTS_DIR)/actionhero-client-swift.app/actionhero-client-swift";
			};
			name = Debug;
		};
		E6A354381B0DA4B600BDE902 /* Release */ = {
			isa = XCBuildConfiguration;
			buildSettings = {
				BUNDLE_LOADER = "$(TEST_HOST)";
				FRAMEWORK_SEARCH_PATHS = (
					"$(SDKROOT)/Developer/Library/Frameworks",
					"$(inherited)",
				);
				INFOPLIST_FILE = "actionhero-client-swiftTests/Info.plist";
				LD_RUNPATH_SEARCH_PATHS = "$(inherited) @executable_path/Frameworks @loader_path/Frameworks";
				PRODUCT_NAME = "$(TARGET_NAME)";
				TEST_HOST = "$(BUILT_PRODUCTS_DIR)/actionhero-client-swift.app/actionhero-client-swift";
			};
			name = Release;
		};
/* End XCBuildConfiguration section */

/* Begin XCConfigurationList section */
		E6A3540F1B0DA4B600BDE902 /* Build configuration list for PBXProject "actionhero-client-swift" */ = {
			isa = XCConfigurationList;
			buildConfigurations = (
				E6A354311B0DA4B600BDE902 /* Debug */,
				E6A354321B0DA4B600BDE902 /* Release */,
			);
			defaultConfigurationIsVisible = 0;
			defaultConfigurationName = Release;
		};
		E6A354331B0DA4B600BDE902 /* Build configuration list for PBXNativeTarget "actionhero-client-swift" */ = {
			isa = XCConfigurationList;
			buildConfigurations = (
				E6A354341B0DA4B600BDE902 /* Debug */,
				E6A354351B0DA4B600BDE902 /* Release */,
			);
			defaultConfigurationIsVisible = 0;
			defaultConfigurationName = Release;
		};
		E6A354361B0DA4B600BDE902 /* Build configuration list for PBXNativeTarget "actionhero-client-swiftTests" */ = {
			isa = XCConfigurationList;
			buildConfigurations = (
				E6A354371B0DA4B600BDE902 /* Debug */,
				E6A354381B0DA4B600BDE902 /* Release */,
			);
			defaultConfigurationIsVisible = 0;
			defaultConfigurationName = Release;
		};
/* End XCConfigurationList section */
	};
	rootObject = E6A3540C1B0DA4B600BDE902 /* Project object */;
}
